Microsoft Visual Studio Solution File, Format Version 11.00
# Visual Studio 2008

Project("{B88ABEBA-0D92-DD00-0994-3C499C9D9E13}") = "AttackTest1", "Assembly-CSharp.csproj", "{485183E1-2857-7ED0-DC57-CAA35D90BFCC}"
EndProject
Global
	GlobalSection(SolutionConfigurationPlatforms) = preSolution
		Debug|Any CPU = Debug|Any CPU
		Release|Any CPU = Release|Any CPU
	EndGlobalSection
	GlobalSection(ProjectConfigurationPlatforms) = postSolution
		{485183E1-2857-7ED0-DC57-CAA35D90BFCC}.Debug|Any CPU.ActiveCfg = Debug|Any CPU
		{485183E1-2857-7ED0-DC57-CAA35D90BFCC}.Debug|Any CPU.Build.0 = Debug|Any CPU
		{485183E1-2857-7ED0-DC57-CAA35D90BFCC}.Release|Any CPU.ActiveCfg = Release|Any CPU
		{485183E1-2857-7ED0-DC57-CAA35D90BFCC}.Release|Any CPU.Build.0 = Release|Any CPU
	EndGlobalSection
	GlobalSection(SolutionProperties) = preSolution
		HideSolutionNode = FALSE
	EndGlobalSection
	GlobalSection(MonoDevelopProperties) = preSolution
		StartupItem = Assembly-CSharp.csproj
	EndGlobalSection
EndGlobal
